{
  "name": "learn",
  "version": "1.0.0",
  "lockfileVersion": 2,
  "requires": true,
  "packages": {
    "": {
      "name": "learn",
      "version": "1.0.0",
      "license": "ISC",
      "dependencies": {
        "sum": "^0.1.4"
      }
    },
    "node_modules/porter-stemmer": {
      "version": "0.9.1",
      "resolved": "https://registry.npmjs.org/porter-stemmer/-/porter-stemmer-0.9.1.tgz",
      "integrity": "sha1-oW7Oo6vkRySsiMFIACHqNrqiH5s=",
      "engines": {
        "node": "*"
      }
    },
    "node_modules/sum": {
      "version": "0.1.4",
      "resolved": "https://registry.npmjs.org/sum/-/sum-0.1.4.tgz",
      "integrity": "sha1-vn3bcaDV5zi4a/XCphs11a4WLH4=",
      "deprecated": "This package is not maintained anymore",
      "dependencies": {
        "porter-stemmer": "0.9.1",
        "underscore": "1.7.0",
        "underscore.string": "3.0.3"
      },
      "engines": {
        "node": ">0.10.0"
      }
    },
    "node_modules/underscore": {
      "version": "1.7.0",
      "resolved": "https://registry.npmjs.org/underscore/-/underscore-1.7.0.tgz",
      "integrity": "sha1-a7rwh3UA02vjTsqlhODbn+8DUgk="
    },
    "node_modules/underscore.string": {
      "version": "3.0.3",
      "resolved": "https://registry.npmjs.org/underscore.string/-/underscore.string-3.0.3.tgz",
      "integrity": "sha1-Rhe4waJQz25QZPu7Nj0PqWzxRVI=",
      "engines": {
        "node": "*"
      }
    }
  },
  "dependencies": {
    "porter-stemmer": {
      "version": "0.9.1",
      "resolved": "https://registry.npmjs.org/porter-stemmer/-/porter-stemmer-0.9.1.tgz",
      "integrity": "sha1-oW7Oo6vkRySsiMFIACHqNrqiH5s="
    },
    "sum": {
      "version": "0.1.4",
      "resolved": "https://registry.npmjs.org/sum/-/sum-0.1.4.tgz",
      "integrity": "sha1-vn3bcaDV5zi4a/XCphs11a4WLH4=",
      "requires": {
        "porter-stemmer": "0.9.1",
        "underscore": "1.7.0",
        "underscore.string": "3.0.3"
      }
    },
    "underscore": {
      "version": "1.7.0",
      "resolved": "https://registry.npmjs.org/underscore/-/underscore-1.7.0.tgz",
      "integrity": "sha1-a7rwh3UA02vjTsqlhODbn+8DUgk="
    },
    "underscore.string": {
      "version": "3.0.3",
      "resolved": "https://registry.npmjs.org/underscore.string/-/underscore.string-3.0.3.tgz",
      "integrity": "sha1-Rhe4waJQz25QZPu7Nj0PqWzxRVI="
    }
  }
}
